{
  "name": "gemini-chatbot-vercel",
  "lockfileVersion": 3,
  "requires": true,
  "packages": {
    "": {
      "name": "gemini-chatbot-vercel",
      "dependencies": {
        "@google/generative-ai": "^0.5.0"
      }
    },
    "node_modules/@google/generative-ai": {
      "version": "0.5.0",
      "resolved": "https://registry.npmjs.org/@google/generative-ai/-/generative-ai-0.5.0.tgz",
      "integrity": "sha512-uxfN3mROgVxb+9KrlVHIiglcWgNE86pVTS9TRkGS6hMvQoZ5TrB1TIMcW5ZYWxlRhMwtmEdJnNMUxSqM3Qp/Ag==",
      "license": "Apache-2.0",
      "engines": {
        "node": ">=18.0.0"
      }
    }
  }
}
